// !$*UTF8*$!
{
	archiveVersion = 1;
	classes = {
	};
	objectVersion = 46;
	objects = {

/* Begin PBXBuildFile section */
		2162B1431BDFB07D009D39E3 /* MyLoginViewController.m in Sources */ = {isa = PBXBuildFile; fileRef = 2162B1421BDFB07D009D39E3 /* MyLoginViewController.m */; };
		8261B76B1BEA587100671266 /* RoomUITableViewController.m in Sources */ = {isa = PBXBuildFile; fileRef = 8261B76A1BEA587100671266 /* RoomUITableViewController.m */; };
		8261B76F1BEA589E00671266 /* RoomUITableViewCell.m in Sources */ = {isa = PBXBuildFile; fileRef = 8261B76E1BEA589E00671266 /* RoomUITableViewCell.m */; };
		8261B7731BEA6B2300671266 /* CourseDetailedTableViewController.m in Sources */ = {isa = PBXBuildFile; fileRef = 8261B7721BEA6B2300671266 /* CourseDetailedTableViewController.m */; };
		8261B77B1BEA6FCC00671266 /* CourseDetailedTableViewCell.m in Sources */ = {isa = PBXBuildFile; fileRef = 8261B77A1BEA6FCC00671266 /* CourseDetailedTableViewCell.m */; };
		8271FCF51BE1B79C001723ED /* Images.xcassets in Resources */ = {isa = PBXBuildFile; fileRef = 8271FCF41BE1B79C001723ED /* Images.xcassets */; };
		8271FD001BE1CC38001723ED /* HomeUITableViewController.m in Sources */ = {isa = PBXBuildFile; fileRef = 8271FCFF1BE1CC38001723ED /* HomeUITableViewController.m */; };
		82CE0F6D1BEA4F1C00F17C58 /* LecturerUITableViewController.m in Sources */ = {isa = PBXBuildFile; fileRef = 82CE0F6C1BEA4F1C00F17C58 /* LecturerUITableViewController.m */; };
		82CE0F701BEA4F4900F17C58 /* LecturerUITableViewCell.m in Sources */ = {isa = PBXBuildFile; fileRef = 82CE0F6F1BEA4F4900F17C58 /* LecturerUITableViewCell.m */; };
		82EE3D021BEA420400DD8A45 /* CourseUITableViewController.m in Sources */ = {isa = PBXBuildFile; fileRef = 82EE3D011BEA420400DD8A45 /* CourseUITableViewController.m */; };
		82EE3D061BEA42CE00DD8A45 /* CourseUITableViewCell.m in Sources */ = {isa = PBXBuildFile; fileRef = 82EE3D051BEA42CE00DD8A45 /* CourseUITableViewCell.m */; };
		FA1A22F21BE7B18700FB7244 /* CustomCell.m in Sources */ = {isa = PBXBuildFile; fileRef = FA1A22F11BE7B18700FB7244 /* CustomCell.m */; };
		FA43B35B1BC0F49800BFB974 /* main.m in Sources */ = {isa = PBXBuildFile; fileRef = FA43B35A1BC0F49800BFB974 /* main.m */; };
		FA43B35E1BC0F49800BFB974 /* AppDelegate.m in Sources */ = {isa = PBXBuildFile; fileRef = FA43B35D1BC0F49800BFB974 /* AppDelegate.m */; };
		FA43B3611BC0F49900BFB974 /* ViewController.m in Sources */ = {isa = PBXBuildFile; fileRef = FA43B3601BC0F49800BFB974 /* ViewController.m */; };
		FA43B3641BC0F49900BFB974 /* Main.storyboard in Resources */ = {isa = PBXBuildFile; fileRef = FA43B3621BC0F49900BFB974 /* Main.storyboard */; };
		FA43B3691BC0F49900BFB974 /* LaunchScreen.xib in Resources */ = {isa = PBXBuildFile; fileRef = FA43B3671BC0F49900BFB974 /* LaunchScreen.xib */; };
		FA43B3751BC0F49900BFB974 /* timetableTests.m in Sources */ = {isa = PBXBuildFile; fileRef = FA43B3741BC0F49900BFB974 /* timetableTests.m */; };
		FA43B3871BC0F68100BFB974 /* Bolts.framework in Frameworks */ = {isa = PBXBuildFile; fileRef = FA43B3801BC0F68100BFB974 /* Bolts.framework */; };
		FA43B3881BC0F68100BFB974 /* Parse.framework in Frameworks */ = {isa = PBXBuildFile; fileRef = FA43B3811BC0F68100BFB974 /* Parse.framework */; };
		FA43B3891BC0F68100BFB974 /* ParseCrashReporting.framework in Frameworks */ = {isa = PBXBuildFile; fileRef = FA43B3821BC0F68100BFB974 /* ParseCrashReporting.framework */; };
		FA43B38A1BC0F68100BFB974 /* ParseFacebookUtils.framework in Frameworks */ = {isa = PBXBuildFile; fileRef = FA43B3831BC0F68100BFB974 /* ParseFacebookUtils.framework */; };
		FA43B38B1BC0F68100BFB974 /* ParseFacebookUtilsV4.framework in Frameworks */ = {isa = PBXBuildFile; fileRef = FA43B3841BC0F68100BFB974 /* ParseFacebookUtilsV4.framework */; };
		FA43B38C1BC0F68100BFB974 /* ParseTwitterUtils.framework in Frameworks */ = {isa = PBXBuildFile; fileRef = FA43B3851BC0F68100BFB974 /* ParseTwitterUtils.framework */; };
		FA43B38D1BC0F68100BFB974 /* ParseUI.framework in Frameworks */ = {isa = PBXBuildFile; fileRef = FA43B3861BC0F68100BFB974 /* ParseUI.framework */; };
		FA43B38F1BC0F6C300BFB974 /* AudioToolbox.framework in Frameworks */ = {isa = PBXBuildFile; fileRef = FA43B38E1BC0F6C300BFB974 /* AudioToolbox.framework */; };
		FA43B3911BC0F6D100BFB974 /* CFNetwork.framework in Frameworks */ = {isa = PBXBuildFile; fileRef = FA43B3901BC0F6D100BFB974 /* CFNetwork.framework */; };
		FA43B3931BC0F6DE00BFB974 /* CoreGraphics.framework in Frameworks */ = {isa = PBXBuildFile; fileRef = FA43B3921BC0F6DE00BFB974 /* CoreGraphics.framework */; };
		FA43B3951BC0F6E700BFB974 /* CoreLocation.framework in Frameworks */ = {isa = PBXBuildFile; fileRef = FA43B3941BC0F6E700BFB974 /* CoreLocation.framework */; };
		FA43B3971BC0F6F400BFB974 /* QuartzCore.framework in Frameworks */ = {isa = PBXBuildFile; fileRef = FA43B3961BC0F6F400BFB974 /* QuartzCore.framework */; };
		FA43B3991BC0F6FD00BFB974 /* Security.framework in Frameworks */ = {isa = PBXBuildFile; fileRef = FA43B3981BC0F6FD00BFB974 /* Security.framework */; };
		FA43B39B1BC0F70600BFB974 /* StoreKit.framework in Frameworks */ = {isa = PBXBuildFile; fileRef = FA43B39A1BC0F70600BFB974 /* StoreKit.framework */; };
		FA43B39D1BC0F71800BFB974 /* SystemConfiguration.framework in Frameworks */ = {isa = PBXBuildFile; fileRef = FA43B39C1BC0F71800BFB974 /* SystemConfiguration.framework */; };
		FA43B3A31BC0F74400BFB974 /* Accounts.framework in Frameworks */ = {isa = PBXBuildFile; fileRef = FA43B3A21BC0F74400BFB974 /* Accounts.framework */; };
		FA43B3A51BC0F74D00BFB974 /* Social.framework in Frameworks */ = {isa = PBXBuildFile; fileRef = FA43B3A41BC0F74D00BFB974 /* Social.framework */; };
		FA8E87481BE782B20076BC84 /* libsqlite3.dylib in Frameworks */ = {isa = PBXBuildFile; fileRef = FA8E87471BE782B20076BC84 /* libsqlite3.dylib */; };
/* End PBXBuildFile section */

/* Begin PBXContainerItemProxy section */
		FA43B36F1BC0F49900BFB974 /* PBXContainerItemProxy */ = {
			isa = PBXContainerItemProxy;
			containerPortal = FA43B34D1BC0F49800BFB974 /* Project object */;
			proxyType = 1;
			remoteGlobalIDString = FA43B3541BC0F49800BFB974;
			remoteInfo = timetable;
		};
/* End PBXContainerItemProxy section */

/* Begin PBXFileReference section */
		2162B1411BDFB033009D39E3 /* MyLoginViewController.h */ = {isa = PBXFileReference; lastKnownFileType = sourcecode.c.h; path = MyLoginViewController.h; sourceTree = "<group>"; };
		2162B1421BDFB07D009D39E3 /* MyLoginViewController.m */ = {isa = PBXFileReference; fileEncoding = 4; lastKnownFileType = sourcecode.c.objc; path = MyLoginViewController.m; sourceTree = "<group>"; };
		8261B7691BEA587100671266 /* RoomUITableViewController.h */ = {isa = PBXFileReference; fileEncoding = 4; lastKnownFileType = sourcecode.c.h; path = RoomUITableViewController.h; sourceTree = "<group>"; };
		8261B76A1BEA587100671266 /* RoomUITableViewController.m */ = {isa = PBXFileReference; fileEncoding = 4; lastKnownFileType = sourcecode.c.objc; path = RoomUITableViewController.m; sourceTree = "<group>"; };
		8261B76D1BEA589E00671266 /* RoomUITableViewCell.h */ = {isa = PBXFileReference; fileEncoding = 4; lastKnownFileType = sourcecode.c.h; path = RoomUITableViewCell.h; sourceTree = "<group>"; };
		8261B76E1BEA589E00671266 /* RoomUITableViewCell.m */ = {isa = PBXFileReference; fileEncoding = 4; lastKnownFileType = sourcecode.c.objc; path = RoomUITableViewCell.m; sourceTree = "<group>"; };
		8261B7711BEA6B2300671266 /* CourseDetailedTableViewController.h */ = {isa = PBXFileReference; fileEncoding = 4; lastKnownFileType = sourcecode.c.h; path = CourseDetailedTableViewController.h; sourceTree = "<group>"; };
		8261B7721BEA6B2300671266 /* CourseDetailedTableViewController.m */ = {isa = PBXFileReference; fileEncoding = 4; lastKnownFileType = sourcecode.c.objc; path = CourseDetailedTableViewController.m; sourceTree = "<group>"; };
		8261B7791BEA6FCC00671266 /* CourseDetailedTableViewCell.h */ = {isa = PBXFileReference; fileEncoding = 4; lastKnownFileType = sourcecode.c.h; path = CourseDetailedTableViewCell.h; sourceTree = "<group>"; };
		8261B77A1BEA6FCC00671266 /* CourseDetailedTableViewCell.m */ = {isa = PBXFileReference; fileEncoding = 4; lastKnownFileType = sourcecode.c.objc; path = CourseDetailedTableViewCell.m; sourceTree = "<group>"; };
		8271FCF41BE1B79C001723ED /* Images.xcassets */ = {isa = PBXFileReference; lastKnownFileType = folder.assetcatalog; path = Images.xcassets; sourceTree = "<group>"; };
		8271FCFE1BE1CC38001723ED /* HomeUITableViewController.h */ = {isa = PBXFileReference; fileEncoding = 4; lastKnownFileType = sourcecode.c.h; path = HomeUITableViewController.h; sourceTree = "<group>"; };
		8271FCFF1BE1CC38001723ED /* HomeUITableViewController.m */ = {isa = PBXFileReference; fileEncoding = 4; lastKnownFileType = sourcecode.c.objc; path = HomeUITableViewController.m; sourceTree = "<group>"; };
		82CE0F6B1BEA4F1C00F17C58 /* LecturerUITableViewController.h */ = {isa = PBXFileReference; fileEncoding = 4; lastKnownFileType = sourcecode.c.h; path = LecturerUITableViewController.h; sourceTree = "<group>"; };
		82CE0F6C1BEA4F1C00F17C58 /* LecturerUITableViewController.m */ = {isa = PBXFileReference; fileEncoding = 4; lastKnownFileType = sourcecode.c.objc; path = LecturerUITableViewController.m; sourceTree = "<group>"; };
		82CE0F6E1BEA4F4900F17C58 /* LecturerUITableViewCell.h */ = {isa = PBXFileReference; fileEncoding = 4; lastKnownFileType = sourcecode.c.h; path = LecturerUITableViewCell.h; sourceTree = "<group>"; };
		82CE0F6F1BEA4F4900F17C58 /* LecturerUITableViewCell.m */ = {isa = PBXFileReference; fileEncoding = 4; lastKnownFileType = sourcecode.c.objc; path = LecturerUITableViewCell.m; sourceTree = "<group>"; };
		82EE3D001BEA420400DD8A45 /* CourseUITableViewController.h */ = {isa = PBXFileReference; fileEncoding = 4; lastKnownFileType = sourcecode.c.h; path = CourseUITableViewController.h; sourceTree = "<group>"; };
		82EE3D011BEA420400DD8A45 /* CourseUITableViewController.m */ = {isa = PBXFileReference; fileEncoding = 4; lastKnownFileType = sourcecode.c.objc; path = CourseUITableViewController.m; sourceTree = "<group>"; };
		82EE3D041BEA42CE00DD8A45 /* CourseUITableViewCell.h */ = {isa = PBXFileReference; fileEncoding = 4; lastKnownFileType = sourcecode.c.h; path = CourseUITableViewCell.h; sourceTree = "<group>"; };
		82EE3D051BEA42CE00DD8A45 /* CourseUITableViewCell.m */ = {isa = PBXFileReference; fileEncoding = 4; lastKnownFileType = sourcecode.c.objc; path = CourseUITableViewCell.m; sourceTree = "<group>"; };
		FA1A22F01BE7B18700FB7244 /* CustomCell.h */ = {isa = PBXFileReference; fileEncoding = 4; lastKnownFileType = sourcecode.c.h; path = CustomCell.h; sourceTree = "<group>"; };
		FA1A22F11BE7B18700FB7244 /* CustomCell.m */ = {isa = PBXFileReference; fileEncoding = 4; lastKnownFileType = sourcecode.c.objc; path = CustomCell.m; sourceTree = "<group>"; };
		FA43B3551BC0F49800BFB974 /* timetable.app */ = {isa = PBXFileReference; explicitFileType = wrapper.application; includeInIndex = 0; path = timetable.app; sourceTree = BUILT_PRODUCTS_DIR; };
		FA43B3591BC0F49800BFB974 /* Info.plist */ = {isa = PBXFileReference; lastKnownFileType = text.plist.xml; path = Info.plist; sourceTree = "<group>"; };
		FA43B35A1BC0F49800BFB974 /* main.m */ = {isa = PBXFileReference; lastKnownFileType = sourcecode.c.objc; path = main.m; sourceTree = "<group>"; };
		FA43B35C1BC0F49800BFB974 /* AppDelegate.h */ = {isa = PBXFileReference; lastKnownFileType = sourcecode.c.h; path = AppDelegate.h; sourceTree = "<group>"; };
		FA43B35D1BC0F49800BFB974 /* AppDelegate.m */ = {isa = PBXFileReference; lastKnownFileType = sourcecode.c.objc; path = AppDelegate.m; sourceTree = "<group>"; };
		FA43B35F1BC0F49800BFB974 /* ViewController.h */ = {isa = PBXFileReference; lastKnownFileType = sourcecode.c.h; path = ViewController.h; sourceTree = "<group>"; };
		FA43B3601BC0F49800BFB974 /* ViewController.m */ = {isa = PBXFileReference; lastKnownFileType = sourcecode.c.objc; path = ViewController.m; sourceTree = "<group>"; };
		FA43B3631BC0F49900BFB974 /* Base */ = {isa = PBXFileReference; lastKnownFileType = file.storyboard; name = Base; path = Base.lproj/Main.storyboard; sourceTree = "<group>"; };
		FA43B3681BC0F49900BFB974 /* Base */ = {isa = PBXFileReference; lastKnownFileType = file.xib; name = Base; path = Base.lproj/LaunchScreen.xib; sourceTree = "<group>"; };
		FA43B36E1BC0F49900BFB974 /* timetableTests.xctest */ = {isa = PBXFileReference; explicitFileType = wrapper.cfbundle; includeInIndex = 0; path = timetableTests.xctest; sourceTree = BUILT_PRODUCTS_DIR; };
		FA43B3731BC0F49900BFB974 /* Info.plist */ = {isa = PBXFileReference; lastKnownFileType = text.plist.xml; path = Info.plist; sourceTree = "<group>"; };
		FA43B3741BC0F49900BFB974 /* timetableTests.m */ = {isa = PBXFileReference; lastKnownFileType = sourcecode.c.objc; path = timetableTests.m; sourceTree = "<group>"; };
		FA43B3801BC0F68100BFB974 /* Bolts.framework */ = {isa = PBXFileReference; lastKnownFileType = wrapper.framework; path = Bolts.framework; sourceTree = "<group>"; };
		FA43B3811BC0F68100BFB974 /* Parse.framework */ = {isa = PBXFileReference; lastKnownFileType = wrapper.framework; path = Parse.framework; sourceTree = "<group>"; };
		FA43B3821BC0F68100BFB974 /* ParseCrashReporting.framework */ = {isa = PBXFileReference; lastKnownFileType = wrapper.framework; path = ParseCrashReporting.framework; sourceTree = "<group>"; };
		FA43B3831BC0F68100BFB974 /* ParseFacebookUtils.framework */ = {isa = PBXFileReference; lastKnownFileType = wrapper.framework; path = ParseFacebookUtils.framework; sourceTree = "<group>"; };
		FA43B3841BC0F68100BFB974 /* ParseFacebookUtilsV4.framework */ = {isa = PBXFileReference; lastKnownFileType = wrapper.framework; path = ParseFacebookUtilsV4.framework; sourceTree = "<group>"; };
		FA43B3851BC0F68100BFB974 /* ParseTwitterUtils.framework */ = {isa = PBXFileReference; lastKnownFileType = wrapper.framework; path = ParseTwitterUtils.framework; sourceTree = "<group>"; };
		FA43B3861BC0F68100BFB974 /* ParseUI.framework */ = {isa = PBXFileReference; lastKnownFileType = wrapper.framework; path = ParseUI.framework; sourceTree = "<group>"; };
		FA43B38E1BC0F6C300BFB974 /* AudioToolbox.framework */ = {isa = PBXFileReference; lastKnownFileType = wrapper.framework; name = AudioToolbox.framework; path = System/Library/Frameworks/AudioToolbox.framework; sourceTree = SDKROOT; };
		FA43B3901BC0F6D100BFB974 /* CFNetwork.framework */ = {isa = PBXFileReference; lastKnownFileType = wrapper.framework; name = CFNetwork.framework; path = System/Library/Frameworks/CFNetwork.framework; sourceTree = SDKROOT; };
		FA43B3921BC0F6DE00BFB974 /* CoreGraphics.framework */ = {isa = PBXFileReference; lastKnownFileType = wrapper.framework; name = CoreGraphics.framework; path = System/Library/Frameworks/CoreGraphics.framework; sourceTree = SDKROOT; };
		FA43B3941BC0F6E700BFB974 /* CoreLocation.framework */ = {isa = PBXFileReference; lastKnownFileType = wrapper.framework; name = CoreLocation.framework; path = System/Library/Frameworks/CoreLocation.framework; sourceTree = SDKROOT; };
		FA43B3961BC0F6F400BFB974 /* QuartzCore.framework */ = {isa = PBXFileReference; lastKnownFileType = wrapper.framework; name = QuartzCore.framework; path = System/Library/Frameworks/QuartzCore.framework; sourceTree = SDKROOT; };
		FA43B3981BC0F6FD00BFB974 /* Security.framework */ = {isa = PBXFileReference; lastKnownFileType = wrapper.framework; name = Security.framework; path = System/Library/Frameworks/Security.framework; sourceTree = SDKROOT; };
		FA43B39A1BC0F70600BFB974 /* StoreKit.framework */ = {isa = PBXFileReference; lastKnownFileType = wrapper.framework; name = StoreKit.framework; path = System/Library/Frameworks/StoreKit.framework; sourceTree = SDKROOT; };
		FA43B39C1BC0F71800BFB974 /* SystemConfiguration.framework */ = {isa = PBXFileReference; lastKnownFileType = wrapper.framework; name = SystemConfiguration.framework; path = System/Library/Frameworks/SystemConfiguration.framework; sourceTree = SDKROOT; };
		FA43B3A21BC0F74400BFB974 /* Accounts.framework */ = {isa = PBXFileReference; lastKnownFileType = wrapper.framework; name = Accounts.framework; path = System/Library/Frameworks/Accounts.framework; sourceTree = SDKROOT; };
		FA43B3A41BC0F74D00BFB974 /* Social.framework */ = {isa = PBXFileReference; lastKnownFileType = wrapper.framework; name = Social.framework; path = System/Library/Frameworks/Social.framework; sourceTree = SDKROOT; };
		FA8E87471BE782B20076BC84 /* libsqlite3.dylib */ = {isa = PBXFileReference; lastKnownFileType = "compiled.mach-o.dylib"; name = libsqlite3.dylib; path = ../../../../../../../usr/lib/libsqlite3.dylib; sourceTree = "<group>"; };
/* End PBXFileReference section */

/* Begin PBXFrameworksBuildPhase section */
		FA43B3521BC0F49800BFB974 /* Frameworks */ = {
			isa = PBXFrameworksBuildPhase;
			buildActionMask = 2147483647;
			files = (
				FA8E87481BE782B20076BC84 /* libsqlite3.dylib in Frameworks */,
				FA43B3A51BC0F74D00BFB974 /* Social.framework in Frameworks */,
				FA43B3A31BC0F74400BFB974 /* Accounts.framework in Frameworks */,
				FA43B39D1BC0F71800BFB974 /* SystemConfiguration.framework in Frameworks */,
				FA43B39B1BC0F70600BFB974 /* StoreKit.framework in Frameworks */,
				FA43B3991BC0F6FD00BFB974 /* Security.framework in Frameworks */,
				FA43B3971BC0F6F400BFB974 /* QuartzCore.framework in Frameworks */,
				FA43B3951BC0F6E700BFB974 /* CoreLocation.framework in Frameworks */,
				FA43B3931BC0F6DE00BFB974 /* CoreGraphics.framework in Frameworks */,
				FA43B3911BC0F6D100BFB974 /* CFNetwork.framework in Frameworks */,
				FA43B38F1BC0F6C300BFB974 /* AudioToolbox.framework in Frameworks */,
				FA43B3881BC0F68100BFB974 /* Parse.framework in Frameworks */,
				FA43B3891BC0F68100BFB974 /* ParseCrashReporting.framework in Frameworks */,
				FA43B38D1BC0F68100BFB974 /* ParseUI.framework in Frameworks */,
				FA43B38A1BC0F68100BFB974 /* ParseFacebookUtils.framework in Frameworks */,
				FA43B3871BC0F68100BFB974 /* Bolts.framework in Frameworks */,
				FA43B38C1BC0F68100BFB974 /* ParseTwitterUtils.framework in Frameworks */,
				FA43B38B1BC0F68100BFB974 /* ParseFacebookUtilsV4.framework in Frameworks */,
			);
			runOnlyForDeploymentPostprocessing = 0;
		};
		FA43B36B1BC0F49900BFB974 /* Frameworks */ = {
			isa = PBXFrameworksBuildPhase;
			buildActionMask = 2147483647;
			files = (
			);
			runOnlyForDeploymentPostprocessing = 0;
		};
/* End PBXFrameworksBuildPhase section */

/* Begin PBXGroup section */
		2162B1441BDFB611009D39E3 /* AppDelegate */ = {
			isa = PBXGroup;
			children = (
				FA43B35C1BC0F49800BFB974 /* AppDelegate.h */,
				FA43B35D1BC0F49800BFB974 /* AppDelegate.m */,
			);
			name = AppDelegate;
			sourceTree = "<group>";
		};
		2162B1451BDFB7E9009D39E3 /* ViewController */ = {
			isa = PBXGroup;
			children = (
				FA43B35F1BC0F49800BFB974 /* ViewController.h */,
				FA43B3601BC0F49800BFB974 /* ViewController.m */,
			);
			name = ViewController;
			sourceTree = "<group>";
		};
		2162B1461BDFB802009D39E3 /* MyLoginViewController */ = {
			isa = PBXGroup;
			children = (
				2162B1411BDFB033009D39E3 /* MyLoginViewController.h */,
				2162B1421BDFB07D009D39E3 /* MyLoginViewController.m */,
			);
			name = MyLoginViewController;
			sourceTree = "<group>";
		};
		2162B1481BDFB878009D39E3 /* Interface */ = {
			isa = PBXGroup;
			children = (
				FA43B3621BC0F49900BFB974 /* Main.storyboard */,
				FA43B3671BC0F49900BFB974 /* LaunchScreen.xib */,
			);
			name = Interface;
			sourceTree = "<group>";
		};
		2162B1491BDFB88B009D39E3 /* Resources */ = {
			isa = PBXGroup;
			children = (
				8271FCF41BE1B79C001723ED /* Images.xcassets */,
				2162B1481BDFB878009D39E3 /* Interface */,
			);
			name = Resources;
			sourceTree = "<group>";
		};
		8261B7681BEA580400671266 /* RoomUITableViewController */ = {
			isa = PBXGroup;
			children = (
				8261B7691BEA587100671266 /* RoomUITableViewController.h */,
				8261B76A1BEA587100671266 /* RoomUITableViewController.m */,
				8261B76C1BEA587C00671266 /* CustomCell */,
			);
			name = RoomUITableViewController;
			sourceTree = "<group>";
		};
		8261B76C1BEA587C00671266 /* CustomCell */ = {
			isa = PBXGroup;
			children = (
				8261B76D1BEA589E00671266 /* RoomUITableViewCell.h */,
				8261B76E1BEA589E00671266 /* RoomUITableViewCell.m */,
			);
			name = CustomCell;
			sourceTree = "<group>";
		};
		8261B7701BEA6ACA00671266 /* CourseDetailed */ = {
			isa = PBXGroup;
			children = (
				8261B7711BEA6B2300671266 /* CourseDetailedTableViewController.h */,
				8261B7721BEA6B2300671266 /* CourseDetailedTableViewController.m */,
				8261B7781BEA6C4D00671266 /* CustomCell */,
			);
			name = CourseDetailed;
			sourceTree = "<group>";
		};
		8261B7781BEA6C4D00671266 /* CustomCell */ = {
			isa = PBXGroup;
			children = (
				8261B7791BEA6FCC00671266 /* CourseDetailedTableViewCell.h */,
				8261B77A1BEA6FCC00671266 /* CourseDetailedTableViewCell.m */,
			);
			name = CustomCell;
			sourceTree = "<group>";
		};
		8271FCFD1BE1CBE3001723ED /* HomeUITableViewController */ = {
			isa = PBXGroup;
			children = (
				8271FCFE1BE1CC38001723ED /* HomeUITableViewController.h */,
				8271FCFF1BE1CC38001723ED /* HomeUITableViewController.m */,
				FA1A22EC1BE7B10F00FB7244 /* CustomCell */,
			);
			name = HomeUITableViewController;
			sourceTree = "<group>";
		};
		82CE0F691BEA4E2300F17C58 /* LecturerUITableViewController */ = {
			isa = PBXGroup;
			children = (
				82CE0F6B1BEA4F1C00F17C58 /* LecturerUITableViewController.h */,
				82CE0F6C1BEA4F1C00F17C58 /* LecturerUITableViewController.m */,
				82CE0F6A1BEA4EE700F17C58 /* CustomCell */,
			);
			name = LecturerUITableViewController;
			sourceTree = "<group>";
		};
		82CE0F6A1BEA4EE700F17C58 /* CustomCell */ = {
			isa = PBXGroup;
			children = (
				82CE0F6E1BEA4F4900F17C58 /* LecturerUITableViewCell.h */,
				82CE0F6F1BEA4F4900F17C58 /* LecturerUITableViewCell.m */,
			);
			name = CustomCell;
			sourceTree = "<group>";
		};
		82EE3CFF1BEA41AD00DD8A45 /* CourseUITableViewController */ = {
			isa = PBXGroup;
			children = (
				82EE3D001BEA420400DD8A45 /* CourseUITableViewController.h */,
				82EE3D011BEA420400DD8A45 /* CourseUITableViewController.m */,
				82EE3D031BEA421200DD8A45 /* CustomCell */,
			);
			name = CourseUITableViewController;
			sourceTree = "<group>";
		};
		82EE3D031BEA421200DD8A45 /* CustomCell */ = {
			isa = PBXGroup;
			children = (
				82EE3D041BEA42CE00DD8A45 /* CourseUITableViewCell.h */,
				82EE3D051BEA42CE00DD8A45 /* CourseUITableViewCell.m */,
			);
			name = CustomCell;
			sourceTree = "<group>";
		};
		FA1A22EC1BE7B10F00FB7244 /* CustomCell */ = {
			isa = PBXGroup;
			children = (
				FA1A22F01BE7B18700FB7244 /* CustomCell.h */,
				FA1A22F11BE7B18700FB7244 /* CustomCell.m */,
			);
			name = CustomCell;
			sourceTree = "<group>";
		};
		FA43B34C1BC0F49800BFB974 = {
			isa = PBXGroup;
			children = (
				FA43B3571BC0F49800BFB974 /* timetable */,
				FA43B37E1BC0F62000BFB974 /* Frameworks */,
				FA43B3711BC0F49900BFB974 /* timetableTests */,
				FA43B3561BC0F49800BFB974 /* Products */,
			);
			sourceTree = "<group>";
		};
		FA43B3561BC0F49800BFB974 /* Products */ = {
			isa = PBXGroup;
			children = (
				FA43B3551BC0F49800BFB974 /* timetable.app */,
				FA43B36E1BC0F49900BFB974 /* timetableTests.xctest */,
			);
			name = Products;
			sourceTree = "<group>";
		};
		FA43B3571BC0F49800BFB974 /* timetable */ = {
			isa = PBXGroup;
			children = (
				2162B1491BDFB88B009D39E3 /* Resources */,
				2162B1441BDFB611009D39E3 /* AppDelegate */,
				2162B1451BDFB7E9009D39E3 /* ViewController */,
				2162B1461BDFB802009D39E3 /* MyLoginViewController */,
				8271FCFD1BE1CBE3001723ED /* HomeUITableViewController */,
				82EE3CFF1BEA41AD00DD8A45 /* CourseUITableViewController */,
				8261B7701BEA6ACA00671266 /* CourseDetailed */,
				82CE0F691BEA4E2300F17C58 /* LecturerUITableViewController */,
				8261B7681BEA580400671266 /* RoomUITableViewController */,
				FA43B3581BC0F49800BFB974 /* Supporting Files */,
			);
			path = timetable;
			sourceTree = "<group>";
		};
		FA43B3581BC0F49800BFB974 /* Supporting Files */ = {
			isa = PBXGroup;
			children = (
				FA43B3591BC0F49800BFB974 /* Info.plist */,
				FA43B35A1BC0F49800BFB974 /* main.m */,
			);
			name = "Supporting Files";
			sourceTree = "<group>";
		};
		FA43B3711BC0F49900BFB974 /* timetableTests */ = {
			isa = PBXGroup;
			children = (
				FA43B3741BC0F49900BFB974 /* timetableTests.m */,
				FA43B3721BC0F49900BFB974 /* Supporting Files */,
			);
			path = timetableTests;
			sourceTree = "<group>";
		};
		FA43B3721BC0F49900BFB974 /* Supporting Files */ = {
			isa = PBXGroup;
			children = (
				FA43B3731BC0F49900BFB974 /* Info.plist */,
			);
			name = "Supporting Files";
			sourceTree = "<group>";
		};
		FA43B37E1BC0F62000BFB974 /* Frameworks */ = {
			isa = PBXGroup;
			children = (
				FA8E87471BE782B20076BC84 /* libsqlite3.dylib */,
				FA43B3801BC0F68100BFB974 /* Bolts.framework */,
				FA43B3811BC0F68100BFB974 /* Parse.framework */,
				FA43B3821BC0F68100BFB974 /* ParseCrashReporting.framework */,
				FA43B3831BC0F68100BFB974 /* ParseFacebookUtils.framework */,
				FA43B3841BC0F68100BFB974 /* ParseFacebookUtilsV4.framework */,
				FA43B3851BC0F68100BFB974 /* ParseTwitterUtils.framework */,
				FA43B3861BC0F68100BFB974 /* ParseUI.framework */,
				FA43B3A41BC0F74D00BFB974 /* Social.framework */,
				FA43B3A21BC0F74400BFB974 /* Accounts.framework */,
				FA43B39C1BC0F71800BFB974 /* SystemConfiguration.framework */,
				FA43B39A1BC0F70600BFB974 /* StoreKit.framework */,
				FA43B3981BC0F6FD00BFB974 /* Security.framework */,
				FA43B3961BC0F6F400BFB974 /* QuartzCore.framework */,
				FA43B3941BC0F6E700BFB974 /* CoreLocation.framework */,
				FA43B3921BC0F6DE00BFB974 /* CoreGraphics.framework */,
				FA43B3901BC0F6D100BFB974 /* CFNetwork.framework */,
				FA43B38E1BC0F6C300BFB974 /* AudioToolbox.framework */,
			);
			name = Frameworks;
			sourceTree = "<group>";
		};
/* End PBXGroup section */

/* Begin PBXNativeTarget section */
		FA43B3541BC0F49800BFB974 /* timetable */ = {
			isa = PBXNativeTarget;
			buildConfigurationList = FA43B3781BC0F49900BFB974 /* Build configuration list for PBXNativeTarget "timetable" */;
			buildPhases = (
				FA43B3511BC0F49800BFB974 /* Sources */,
				FA43B3521BC0F49800BFB974 /* Frameworks */,
				FA43B3531BC0F49800BFB974 /* Resources */,
			);
			buildRules = (
			);
			dependencies = (
			);
			name = timetable;
			productName = timetable;
			productReference = FA43B3551BC0F49800BFB974 /* timetable.app */;
			productType = "com.apple.product-type.application";
		};
		FA43B36D1BC0F49900BFB974 /* timetableTests */ = {
			isa = PBXNativeTarget;
			buildConfigurationList = FA43B37B1BC0F49900BFB974 /* Build configuration list for PBXNativeTarget "timetableTests" */;
			buildPhases = (
				FA43B36A1BC0F49900BFB974 /* Sources */,
				FA43B36B1BC0F49900BFB974 /* Frameworks */,
				FA43B36C1BC0F49900BFB974 /* Resources */,
			);
			buildRules = (
			);
			dependencies = (
				FA43B3701BC0F49900BFB974 /* PBXTargetDependency */,
			);
			name = timetableTests;
			productName = timetableTests;
			productReference = FA43B36E1BC0F49900BFB974 /* timetableTests.xctest */;
			productType = "com.apple.product-type.bundle.unit-test";
		};
/* End PBXNativeTarget section */

/* Begin PBXProject section */
		FA43B34D1BC0F49800BFB974 /* Project object */ = {
			isa = PBXProject;
			attributes = {
				LastUpgradeCheck = 0710;
				ORGANIZATIONNAME = Alex;
				TargetAttributes = {
					FA43B3541BC0F49800BFB974 = {
						CreatedOnToolsVersion = 6.2;
						DevelopmentTeam = XKV8WK2Q6T;
					};
					FA43B36D1BC0F49900BFB974 = {
						CreatedOnToolsVersion = 6.2;
						TestTargetID = FA43B3541BC0F49800BFB974;
					};
				};
			};
			buildConfigurationList = FA43B3501BC0F49800BFB974 /* Build configuration list for PBXProject "timetable" */;
			compatibilityVersion = "Xcode 3.2";
			developmentRegion = English;
			hasScannedForEncodings = 0;
			knownRegions = (
				en,
				Base,
			);
			mainGroup = FA43B34C1BC0F49800BFB974;
			productRefGroup = FA43B3561BC0F49800BFB974 /* Products */;
			projectDirPath = "";
			projectRoot = "";
			targets = (
				FA43B3541BC0F49800BFB974 /* timetable */,
				FA43B36D1BC0F49900BFB974 /* timetableTests */,
			);
		};
/* End PBXProject section */

/* Begin PBXResourcesBuildPhase section */
		FA43B3531BC0F49800BFB974 /* Resources */ = {
			isa = PBXResourcesBuildPhase;
			buildActionMask = 2147483647;
			files = (
				8271FCF51BE1B79C001723ED /* Images.xcassets in Resources */,
				FA43B3641BC0F49900BFB974 /* Main.storyboard in Resources */,
				FA43B3691BC0F49900BFB974 /* LaunchScreen.xib in Resources */,
			);
			runOnlyForDeploymentPostprocessing = 0;
		};
		FA43B36C1BC0F49900BFB974 /* Resources */ = {
			isa = PBXResourcesBuildPhase;
			buildActionMask = 2147483647;
			files = (
			);
			runOnlyForDeploymentPostprocessing = 0;
		};
/* End PBXResourcesBuildPhase section */

/* Begin PBXSourcesBuildPhase section */
		FA43B3511BC0F49800BFB974 /* Sources */ = {
			isa = PBXSourcesBuildPhase;
			buildActionMask = 2147483647;
			files = (
				2162B1431BDFB07D009D39E3 /* MyLoginViewController.m in Sources */,
				FA43B3611BC0F49900BFB974 /* ViewController.m in Sources */,
				82CE0F701BEA4F4900F17C58 /* LecturerUITableViewCell.m in Sources */,
				8261B7731BEA6B2300671266 /* CourseDetailedTableViewController.m in Sources */,
				8261B77B1BEA6FCC00671266 /* CourseDetailedTableViewCell.m in Sources */,
				8271FD001BE1CC38001723ED /* HomeUITableViewController.m in Sources */,
				82EE3D021BEA420400DD8A45 /* CourseUITableViewController.m in Sources */,
				82EE3D061BEA42CE00DD8A45 /* CourseUITableViewCell.m in Sources */,
				8261B76F1BEA589E00671266 /* RoomUITableViewCell.m in Sources */,
				82CE0F6D1BEA4F1C00F17C58 /* LecturerUITableViewController.m in Sources */,
				FA1A22F21BE7B18700FB7244 /* CustomCell.m in Sources */,
				8261B76B1BEA587100671266 /* RoomUITableViewController.m in Sources */,
				FA43B35E1BC0F49800BFB974 /* AppDelegate.m in Sources */,
				FA43B35B1BC0F49800BFB974 /* main.m in Sources */,
			);
			runOnlyForDeploymentPostprocessing = 0;
		};
		FA43B36A1BC0F49900BFB974 /* Sources */ = {
			isa = PBXSourcesBuildPhase;
			buildActionMask = 2147483647;
			files = (
				FA43B3751BC0F49900BFB974 /* timetableTests.m in Sources */,
			);
			runOnlyForDeploymentPostprocessing = 0;
		};
/* End PBXSourcesBuildPhase section */

/* Begin PBXTargetDependency section */
		FA43B3701BC0F49900BFB974 /* PBXTargetDependency */ = {
			isa = PBXTargetDependency;
			target = FA43B3541BC0F49800BFB974 /* timetable */;
			targetProxy = FA43B36F1BC0F49900BFB974 /* PBXContainerItemProxy */;
		};
/* End PBXTargetDependency section */

/* Begin PBXVariantGroup section */
		FA43B3621BC0F49900BFB974 /* Main.storyboard */ = {
			isa = PBXVariantGroup;
			children = (
				FA43B3631BC0F49900BFB974 /* Base */,
			);
			name = Main.storyboard;
			sourceTree = "<group>";
		};
		FA43B3671BC0F49900BFB974 /* LaunchScreen.xib */ = {
			isa = PBXVariantGroup;
			children = (
				FA43B3681BC0F49900BFB974 /* Base */,
			);
			name = LaunchScreen.xib;
			sourceTree = "<group>";
		};
/* End PBXVariantGroup section */

/* Begin XCBuildConfiguration section */
		FA43B3761BC0F49900BFB974 /* Debug */ = {
			isa = XCBuildConfiguration;
			buildSettings = {
				ALWAYS_SEARCH_USER_PATHS = NO;
				CLANG_CXX_LANGUAGE_STANDARD = "gnu++0x";
				CLANG_CXX_LIBRARY = "libc++";
				CLANG_ENABLE_MODULES = YES;
				CLANG_ENABLE_OBJC_ARC = YES;
				CLANG_WARN_BOOL_CONVERSION = YES;
				CLANG_WARN_CONSTANT_CONVERSION = YES;
				CLANG_WARN_DIRECT_OBJC_ISA_USAGE = YES_ERROR;
				CLANG_WARN_EMPTY_BODY = YES;
				CLANG_WARN_ENUM_CONVERSION = YES;
				CLANG_WARN_INT_CONVERSION = YES;
				CLANG_WARN_OBJC_ROOT_CLASS = YES_ERROR;
				CLANG_WARN_UNREACHABLE_CODE = YES;
				CLANG_WARN__DUPLICATE_METHOD_MATCH = YES;
				"CODE_SIGN_IDENTITY[sdk=iphoneos*]" = "iPhone Developer";
				COPY_PHASE_STRIP = NO;
				ENABLE_STRICT_OBJC_MSGSEND = YES;
				ENABLE_TESTABILITY = YES;
				GCC_C_LANGUAGE_STANDARD = gnu99;
				GCC_DYNAMIC_NO_PIC = NO;
				GCC_OPTIMIZATION_LEVEL = 0;
				GCC_PREPROCESSOR_DEFINITIONS = (
					"DEBUG=1",
					"$(inherited)",
				);
				GCC_SYMBOLS_PRIVATE_EXTERN = NO;
				GCC_WARN_64_TO_32_BIT_CONVERSION = YES;
				GCC_WARN_ABOUT_RETURN_TYPE = YES_ERROR;
				GCC_WARN_UNDECLARED_SELECTOR = YES;
				GCC_WARN_UNINITIALIZED_AUTOS = YES_AGGRESSIVE;
				GCC_WARN_UNUSED_FUNCTION = YES;
				GCC_WARN_UNUSED_VARIABLE = YES;
				IPHONEOS_DEPLOYMENT_TARGET = 8.1;
				MTL_ENABLE_DEBUG_INFO = YES;
				ONLY_ACTIVE_ARCH = YES;
				SDKROOT = iphoneos;
				TARGETED_DEVICE_FAMILY = "1,2";
			};
			name = Debug;
		};
		FA43B3771BC0F49900BFB974 /* Release */ = {
			isa = XCBuildConfiguration;
			buildSettings = {
				ALWAYS_SEARCH_USER_PATHS = NO;
				CLANG_CXX_LANGUAGE_STANDARD = "gnu++0x";
				CLANG_CXX_LIBRARY = "libc++";
				CLANG_ENABLE_MODULES = YES;
				CLANG_ENABLE_OBJC_ARC = YES;
				CLANG_WARN_BOOL_CONVERSION = YES;
				CLANG_WARN_CONSTANT_CONVERSION = YES;
				CLANG_WARN_DIRECT_OBJC_ISA_USAGE = YES_ERROR;
				CLANG_WARN_EMPTY_BODY = YES;
				CLANG_WARN_ENUM_CONVERSION = YES;
				CLANG_WARN_INT_CONVERSION = YES;
				CLANG_WARN_OBJC_ROOT_CLASS = YES_ERROR;
				CLANG_WARN_UNREACHABLE_CODE = YES;
				CLANG_WARN__DUPLICATE_METHOD_MATCH = YES;
				"CODE_SIGN_IDENTITY[sdk=iphoneos*]" = "iPhone Developer";
				COPY_PHASE_STRIP = NO;
				ENABLE_NS_ASSERTIONS = NO;
				ENABLE_STRICT_OBJC_MSGSEND = YES;
				GCC_C_LANGUAGE_STANDARD = gnu99;
				GCC_WARN_64_TO_32_BIT_CONVERSION = YES;
				GCC_WARN_ABOUT_RETURN_TYPE = YES_ERROR;
				GCC_WARN_UNDECLARED_SELECTOR = YES;
				GCC_WARN_UNINITIALIZED_AUTOS = YES_AGGRESSIVE;
				GCC_WARN_UNUSED_FUNCTION = YES;
				GCC_WARN_UNUSED_VARIABLE = YES;
				IPHONEOS_DEPLOYMENT_TARGET = 8.1;
				MTL_ENABLE_DEBUG_INFO = NO;
				SDKROOT = iphoneos;
				TARGETED_DEVICE_FAMILY = "1,2";
				VALIDATE_PRODUCT = YES;
			};
			name = Release;
		};
		FA43B3791BC0F49900BFB974 /* Debug */ = {
			isa = XCBuildConfiguration;
			buildSettings = {
				ASSETCATALOG_COMPILER_APPICON_NAME = AppIcon;
				CODE_SIGN_IDENTITY = "iPhone Developer";
				FRAMEWORK_SEARCH_PATHS = (
					"$(inherited)",
					"$(PROJECT_DIR)",
				);
				INFOPLIST_FILE = timetable/Info.plist;
				IPHONEOS_DEPLOYMENT_TARGET = 8.2;
				LD_RUNPATH_SEARCH_PATHS = "$(inherited) @executable_path/Frameworks";
				PRODUCT_BUNDLE_IDENTIFIER = "com.seStudent.$(PRODUCT_NAME:rfc1034identifier)";
				PRODUCT_NAME = "$(TARGET_NAME)";
				TARGETED_DEVICE_FAMILY = "1,2";
			};
			name = Debug;
		};
		FA43B37A1BC0F49900BFB974 /* Release */ = {
			isa = XCBuildConfiguration;
			buildSettings = {
				ASSETCATALOG_COMPILER_APPICON_NAME = AppIcon;
				CODE_SIGN_IDENTITY = "iPhone Developer";
				FRAMEWORK_SEARCH_PATHS = (
					"$(inherited)",
					"$(PROJECT_DIR)",
				);
				INFOPLIST_FILE = timetable/Info.plist;
				IPHONEOS_DEPLOYMENT_TARGET = 8.2;
				LD_RUNPATH_SEARCH_PATHS = "$(inherited) @executable_path/Frameworks";
				PRODUCT_BUNDLE_IDENTIFIER = "com.seStudent.$(PRODUCT_NAME:rfc1034identifier)";
				PRODUCT_NAME = "$(TARGET_NAME)";
				TARGETED_DEVICE_FAMILY = "1,2";
			};
			name = Release;
		};
		FA43B37C1BC0F49900BFB974 /* Debug */ = {
			isa = XCBuildConfiguration;
			buildSettings = {
				BUNDLE_LOADER = "$(TEST_HOST)";
				FRAMEWORK_SEARCH_PATHS = (
					"$(SDKROOT)/Developer/Library/Frameworks",
					"$(inherited)",
				);
				GCC_PREPROCESSOR_DEFINITIONS = (
					"DEBUG=1",
					"$(inherited)",
				);
				INFOPLIST_FILE = timetableTests/Info.plist;
				LD_RUNPATH_SEARCH_PATHS = "$(inherited) @executable_path/Frameworks @loader_path/Frameworks";
				PRODUCT_BUNDLE_IDENTIFIER = "com.seStudent.$(PRODUCT_NAME:rfc1034identifier)";
				PRODUCT_NAME = "$(TARGET_NAME)";
				TEST_HOST = "$(BUILT_PRODUCTS_DIR)/timetable.app/timetable";
			};
			name = Debug;
		};
		FA43B37D1BC0F49900BFB974 /* Release */ = {
			isa = XCBuildConfiguration;
			buildSettings = {
				BUNDLE_LOADER = "$(TEST_HOST)";
				FRAMEWORK_SEARCH_PATHS = (
					"$(SDKROOT)/Developer/Library/Frameworks",
					"$(inherited)",
				);
				INFOPLIST_FILE = timetableTests/Info.plist;
				LD_RUNPATH_SEARCH_PATHS = "$(inherited) @executable_path/Frameworks @loader_path/Frameworks";
				PRODUCT_BUNDLE_IDENTIFIER = "com.seStudent.$(PRODUCT_NAME:rfc1034identifier)";
				PRODUCT_NAME = "$(TARGET_NAME)";
				TEST_HOST = "$(BUILT_PRODUCTS_DIR)/timetable.app/timetable";
			};
			name = Release;
		};
/* End XCBuildConfiguration section */

/* Begin XCConfigurationList section */
		FA43B3501BC0F49800BFB974 /* Build configuration list for PBXProject "timetable" */ = {
			isa = XCConfigurationList;
			buildConfigurations = (
				FA43B3761BC0F49900BFB974 /* Debug */,
				FA43B3771BC0F49900BFB974 /* Release */,
			);
			defaultConfigurationIsVisible = 0;
			defaultConfigurationName = Release;
		};
		FA43B3781BC0F49900BFB974 /* Build configuration list for PBXNativeTarget "timetable" */ = {
			isa = XCConfigurationList;
			buildConfigurations = (
				FA43B3791BC0F49900BFB974 /* Debug */,
				FA43B37A1BC0F49900BFB974 /* Release */,
			);
			defaultConfigurationIsVisible = 0;
			defaultConfigurationName = Release;
		};
		FA43B37B1BC0F49900BFB974 /* Build configuration list for PBXNativeTarget "timetableTests" */ = {
			isa = XCConfigurationList;
			buildConfigurations = (
				FA43B37C1BC0F49900BFB974 /* Debug */,
				FA43B37D1BC0F49900BFB974 /* Release */,
			);
			defaultConfigurationIsVisible = 0;
			defaultConfigurationName = Release;
		};
/* End XCConfigurationList section */
	};
	rootObject = FA43B34D1BC0F49800BFB974 /* Project object */;
}
